
Microsoft Visual Studio Solution File, Format Version 12.00
# Visual Studio Version 17
VisualStudioVersion = 17.5.002.0
MinimumVisualStudioVersion = 10.0.40219.1
Project("{9A19103F-16F7-4668-BE54-9A1E7A4F7556}") = "MyCookBook", "MyCookBook.csproj", "{0F74DECE-9C71-4DC1-AFDE-597F5EC8269E}"
EndProject
Project("{FAE04EC0-301F-11D3-BF4B-00C04F79EFBC}") = "MyCookBook.Tests", "..\MyCookBook.Tests\MyCookBook.Tests.csproj", "{48697B91-6CD9-433D-8165-D8F1087E3F17}"
EndProject
Global
	GlobalSection(SolutionConfigurationPlatforms) = preSolution
		Debug|Any CPU = Debug|Any CPU
		Release|Any CPU = Release|Any CPU
	EndGlobalSection
	GlobalSection(ProjectConfigurationPlatforms) = postSolution
		{0F74DECE-9C71-4DC1-AFDE-597F5EC8269E}.Debug|Any CPU.ActiveCfg = Debug|Any CPU
		{0F74DECE-9C71-4DC1-AFDE-597F5EC8269E}.Debug|Any CPU.Build.0 = Debug|Any CPU
		{0F74DECE-9C71-4DC1-AFDE-597F5EC8269E}.Release|Any CPU.ActiveCfg = Release|Any CPU
		{0F74DECE-9C71-4DC1-AFDE-597F5EC8269E}.Release|Any CPU.Build.0 = Release|Any CPU
		{48697B91-6CD9-433D-8165-D8F1087E3F17}.Debug|Any CPU.ActiveCfg = Debug|Any CPU
		{48697B91-6CD9-433D-8165-D8F1087E3F17}.Debug|Any CPU.Build.0 = Debug|Any CPU
		{48697B91-6CD9-433D-8165-D8F1087E3F17}.Release|Any CPU.ActiveCfg = Release|Any CPU
		{48697B91-6CD9-433D-8165-D8F1087E3F17}.Release|Any CPU.Build.0 = Release|Any CPU
	EndGlobalSection
	GlobalSection(SolutionProperties) = preSolution
		HideSolutionNode = FALSE
	EndGlobalSection
	GlobalSection(ExtensibilityGlobals) = postSolution
		SolutionGuid = {249D87ED-FF9D-4A85-92E9-86B10517CB92}
	EndGlobalSection
EndGlobal
